{
  "version": 4,
  "terraform_version": "1.5.6",
  "serial": 2,
  "lineage": "323d2471-fdfe-3c0c-7de0-cff37be63179",
  "outputs": {
    "My_username": {
      "value": "ec2-user",
      "type": "string"
    },
    "my-public-ip": {
      "value": "54.159.106.228",
      "type": "string"
    }
  },
  "resources": [
    {
      "mode": "managed",
      "type": "aws_lightsail_instance",
      "name": "custom",
      "provider": "provider[\"registry.terraform.io/hashicorp/aws\"]",
      "instances": [
        {
          "schema_version": 0,
          "attributes": {
            "add_on": [],
            "arn": "arn:aws:lightsail:us-east-1:236849638586:Instance/d7e865da-aa8c-45e9-8082-c2b61b04bcf8",
            "availability_zone": "us-east-1b",
            "blueprint_id": "amazon_linux_2",
            "bundle_id": "nano_3_0",
            "cpu_count": 2,
            "created_at": "2024-06-09T20:23:11Z",
            "id": "myserver",
            "ip_address_type": "dualstack",
            "ipv6_address": "2600:1f18:47cd:bc01:5ec2:2240:197c:a46f",
            "ipv6_addresses": [
              "2600:1f18:47cd:bc01:5ec2:2240:197c:a46f"
            ],
            "is_static_ip": false,
            "key_pair_name": "LightsailDefaultKeyPair",
            "name": "myserver",
            "private_ip_address": "172.26.29.18",
            "public_ip_address": "54.159.106.228",
            "ram_size": 0.5,
            "tags": {
              "Team": "DevOps",
              "create_by": "terraform",
              "env": "dev"
            },
            "tags_all": {
              "Team": "DevOps",
              "create_by": "terraform",
              "env": "dev"
            },
            "user_data": "sudo yum install -y httpd \u0026\u0026 sudo systemctl start httpd \u0026\u0026 sudo systemctl enable httpd \u0026\u0026 echo '\u003ch1\u003eDeployed via Terraform\u003c/h1\u003e' | sudo tee /var/www/html/index.html",
            "username": "ec2-user"
          },
          "sensitive_attributes": [],
          "private": "bnVsbA=="
        }
      ]
    }
  ],
  "check_results": null
}
